// !$*UTF8*$!
{
	archiveVersion = 1;
	classes = {
	};
	objectVersion = 46;
	objects = {

/* Begin PBXBuildFile section */
		F5455DB51C2256EA00C8E9D5 /* main.m in Sources */ = {isa = PBXBuildFile; fileRef = F5455DB41C2256EA00C8E9D5 /* main.m */; };
		F5455DB81C2256EA00C8E9D5 /* AppDelegate.m in Sources */ = {isa = PBXBuildFile; fileRef = F5455DB71C2256EA00C8E9D5 /* AppDelegate.m */; };
		F5455DBE1C2256EB00C8E9D5 /* Main.storyboard in Resources */ = {isa = PBXBuildFile; fileRef = F5455DBC1C2256EA00C8E9D5 /* Main.storyboard */; };
		F5455DC01C2256EB00C8E9D5 /* Assets.xcassets in Resources */ = {isa = PBXBuildFile; fileRef = F5455DBF1C2256EB00C8E9D5 /* Assets.xcassets */; };
		F5455DC31C2256EB00C8E9D5 /* LaunchScreen.storyboard in Resources */ = {isa = PBXBuildFile; fileRef = F5455DC11C2256EB00C8E9D5 /* LaunchScreen.storyboard */; };
		F5455DCC1C2257B200C8E9D5 /* TableViewController.m in Sources */ = {isa = PBXBuildFile; fileRef = F5455DCB1C2257B200C8E9D5 /* TableViewController.m */; };
		F5455DD01C225BED00C8E9D5 /* images1.png in Resources */ = {isa = PBXBuildFile; fileRef = F5455DCD1C225BED00C8E9D5 /* images1.png */; };
		F5455DD11C225BED00C8E9D5 /* images2.png in Resources */ = {isa = PBXBuildFile; fileRef = F5455DCE1C225BED00C8E9D5 /* images2.png */; };
		F5455DD21C225BED00C8E9D5 /* images3.png in Resources */ = {isa = PBXBuildFile; fileRef = F5455DCF1C225BED00C8E9D5 /* images3.png */; };
/* End PBXBuildFile section */

/* Begin PBXFileReference section */
		F5455DB01C2256EA00C8E9D5 /* TabView.app */ = {isa = PBXFileReference; explicitFileType = wrapper.application; includeInIndex = 0; path = TabView.app; sourceTree = BUILT_PRODUCTS_DIR; };
		F5455DB41C2256EA00C8E9D5 /* main.m */ = {isa = PBXFileReference; lastKnownFileType = sourcecode.c.objc; path = main.m; sourceTree = "<group>"; };
		F5455DB61C2256EA00C8E9D5 /* AppDelegate.h */ = {isa = PBXFileReference; lastKnownFileType = sourcecode.c.h; path = AppDelegate.h; sourceTree = "<group>"; };
		F5455DB71C2256EA00C8E9D5 /* AppDelegate.m */ = {isa = PBXFileReference; lastKnownFileType = sourcecode.c.objc; path = AppDelegate.m; sourceTree = "<group>"; };
		F5455DBD1C2256EA00C8E9D5 /* Base */ = {isa = PBXFileReference; lastKnownFileType = file.storyboard; name = Base; path = Base.lproj/Main.storyboard; sourceTree = "<group>"; };
		F5455DBF1C2256EB00C8E9D5 /* Assets.xcassets */ = {isa = PBXFileReference; lastKnownFileType = folder.assetcatalog; path = Assets.xcassets; sourceTree = "<group>"; };
		F5455DC21C2256EB00C8E9D5 /* Base */ = {isa = PBXFileReference; lastKnownFileType = file.storyboard; name = Base; path = Base.lproj/LaunchScreen.storyboard; sourceTree = "<group>"; };
		F5455DC41C2256EB00C8E9D5 /* Info.plist */ = {isa = PBXFileReference; lastKnownFileType = text.plist.xml; path = Info.plist; sourceTree = "<group>"; };
		F5455DCA1C2257B200C8E9D5 /* TableViewController.h */ = {isa = PBXFileReference; fileEncoding = 4; lastKnownFileType = sourcecode.c.h; path = TableViewController.h; sourceTree = "<group>"; };
		F5455DCB1C2257B200C8E9D5 /* TableViewController.m */ = {isa = PBXFileReference; fileEncoding = 4; lastKnownFileType = sourcecode.c.objc; path = TableViewController.m; sourceTree = "<group>"; };
		F5455DCD1C225BED00C8E9D5 /* images1.png */ = {isa = PBXFileReference; lastKnownFileType = image.png; path = images1.png; sourceTree = "<group>"; };
		F5455DCE1C225BED00C8E9D5 /* images2.png */ = {isa = PBXFileReference; lastKnownFileType = image.png; path = images2.png; sourceTree = "<group>"; };
		F5455DCF1C225BED00C8E9D5 /* images3.png */ = {isa = PBXFileReference; lastKnownFileType = image.png; path = images3.png; sourceTree = "<group>"; };
/* End PBXFileReference section */

/* Begin PBXFrameworksBuildPhase section */
		F5455DAD1C2256EA00C8E9D5 /* Frameworks */ = {
			isa = PBXFrameworksBuildPhase;
			buildActionMask = 2147483647;
			files = (
			);
			runOnlyForDeploymentPostprocessing = 0;
		};
/* End PBXFrameworksBuildPhase section */

/* Begin PBXGroup section */
		F5455DA71C2256EA00C8E9D5 = {
			isa = PBXGroup;
			children = (
				F5455DB21C2256EA00C8E9D5 /* TabView */,
				F5455DB11C2256EA00C8E9D5 /* Products */,
			);
			sourceTree = "<group>";
		};
		F5455DB11C2256EA00C8E9D5 /* Products */ = {
			isa = PBXGroup;
			children = (
				F5455DB01C2256EA00C8E9D5 /* TabView.app */,
			);
			name = Products;
			sourceTree = "<group>";
		};
		F5455DB21C2256EA00C8E9D5 /* TabView */ = {
			isa = PBXGroup;
			children = (
				F5455DB61C2256EA00C8E9D5 /* AppDelegate.h */,
				F5455DB71C2256EA00C8E9D5 /* AppDelegate.m */,
				F5455DBC1C2256EA00C8E9D5 /* Main.storyboard */,
				F5455DBF1C2256EB00C8E9D5 /* Assets.xcassets */,
				F5455DC11C2256EB00C8E9D5 /* LaunchScreen.storyboard */,
				F5455DC41C2256EB00C8E9D5 /* Info.plist */,
				F5455DB31C2256EA00C8E9D5 /* Supporting Files */,
				F5455DCA1C2257B200C8E9D5 /* TableViewController.h */,
				F5455DCB1C2257B200C8E9D5 /* TableViewController.m */,
			);
			path = TabView;
			sourceTree = "<group>";
		};
		F5455DB31C2256EA00C8E9D5 /* Supporting Files */ = {
			isa = PBXGroup;
			children = (
				F5455DCD1C225BED00C8E9D5 /* images1.png */,
				F5455DCE1C225BED00C8E9D5 /* images2.png */,
				F5455DCF1C225BED00C8E9D5 /* images3.png */,
				F5455DB41C2256EA00C8E9D5 /* main.m */,
			);
			name = "Supporting Files";
			sourceTree = "<group>";
		};
/* End PBXGroup section */

/* Begin PBXNativeTarget section */
		F5455DAF1C2256EA00C8E9D5 /* TabView */ = {
			isa = PBXNativeTarget;
			buildConfigurationList = F5455DC71C2256EB00C8E9D5 /* Build configuration list for PBXNativeTarget "TabView" */;
			buildPhases = (
				F5455DAC1C2256EA00C8E9D5 /* Sources */,
				F5455DAD1C2256EA00C8E9D5 /* Frameworks */,
				F5455DAE1C2256EA00C8E9D5 /* Resources */,
			);
			buildRules = (
			);
			dependencies = (
			);
			name = TabView;
			productName = TabView;
			productReference = F5455DB01C2256EA00C8E9D5 /* TabView.app */;
			productType = "com.apple.product-type.application";
		};
/* End PBXNativeTarget section */

/* Begin PBXProject section */
		F5455DA81C2256EA00C8E9D5 /* Project object */ = {
			isa = PBXProject;
			attributes = {
				LastUpgradeCheck = 0710;
				ORGANIZATIONNAME = "Trung Bao";
				TargetAttributes = {
					F5455DAF1C2256EA00C8E9D5 = {
						CreatedOnToolsVersion = 7.1;
					};
				};
			};
			buildConfigurationList = F5455DAB1C2256EA00C8E9D5 /* Build configuration list for PBXProject "TabView" */;
			compatibilityVersion = "Xcode 3.2";
			developmentRegion = English;
			hasScannedForEncodings = 0;
			knownRegions = (
				en,
				Base,
			);
			mainGroup = F5455DA71C2256EA00C8E9D5;
			productRefGroup = F5455DB11C2256EA00C8E9D5 /* Products */;
			projectDirPath = "";
			projectRoot = "";
			targets = (
				F5455DAF1C2256EA00C8E9D5 /* TabView */,
			);
		};
/* End PBXProject section */

/* Begin PBXResourcesBuildPhase section */
		F5455DAE1C2256EA00C8E9D5 /* Resources */ = {
			isa = PBXResourcesBuildPhase;
			buildActionMask = 2147483647;
			files = (
				F5455DC31C2256EB00C8E9D5 /* LaunchScreen.storyboard in Resources */,
				F5455DD01C225BED00C8E9D5 /* images1.png in Resources */,
				F5455DC01C2256EB00C8E9D5 /* Assets.xcassets in Resources */,
				F5455DBE1C2256EB00C8E9D5 /* Main.storyboard in Resources */,
				F5455DD11C225BED00C8E9D5 /* images2.png in Resources */,
				F5455DD21C225BED00C8E9D5 /* images3.png in Resources */,
			);
			runOnlyForDeploymentPostprocessing = 0;
		};
/* End PBXResourcesBuildPhase section */

/* Begin PBXSourcesBuildPhase section */
		F5455DAC1C2256EA00C8E9D5 /* Sources */ = {
			isa = PBXSourcesBuildPhase;
			buildActionMask = 2147483647;
			files = (
				F5455DB81C2256EA00C8E9D5 /* AppDelegate.m in Sources */,
				F5455DCC1C2257B200C8E9D5 /* TableViewController.m in Sources */,
				F5455DB51C2256EA00C8E9D5 /* main.m in Sources */,
			);
			runOnlyForDeploymentPostprocessing = 0;
		};
/* End PBXSourcesBuildPhase section */

/* Begin PBXVariantGroup section */
		F5455DBC1C2256EA00C8E9D5 /* Main.storyboard */ = {
			isa = PBXVariantGroup;
			children = (
				F5455DBD1C2256EA00C8E9D5 /* Base */,
			);
			name = Main.storyboard;
			sourceTree = "<group>";
		};
		F5455DC11C2256EB00C8E9D5 /* LaunchScreen.storyboard */ = {
			isa = PBXVariantGroup;
			children = (
				F5455DC21C2256EB00C8E9D5 /* Base */,
			);
			name = LaunchScreen.storyboard;
			sourceTree = "<group>";
		};
/* End PBXVariantGroup section */

/* Begin XCBuildConfiguration section */
		F5455DC51C2256EB00C8E9D5 /* Debug */ = {
			isa = XCBuildConfiguration;
			buildSettings = {
				ALWAYS_SEARCH_USER_PATHS = NO;
				CLANG_CXX_LANGUAGE_STANDARD = "gnu++0x";
				CLANG_CXX_LIBRARY = "libc++";
				CLANG_ENABLE_MODULES = YES;
				CLANG_ENABLE_OBJC_ARC = YES;
				CLANG_WARN_BOOL_CONVERSION = YES;
				CLANG_WARN_CONSTANT_CONVERSION = YES;
				CLANG_WARN_DIRECT_OBJC_ISA_USAGE = YES_ERROR;
				CLANG_WARN_EMPTY_BODY = YES;
				CLANG_WARN_ENUM_CONVERSION = YES;
				CLANG_WARN_INT_CONVERSION = YES;
				CLANG_WARN_OBJC_ROOT_CLASS = YES_ERROR;
				CLANG_WARN_UNREACHABLE_CODE = YES;
				CLANG_WARN__DUPLICATE_METHOD_MATCH = YES;
				"CODE_SIGN_IDENTITY[sdk=iphoneos*]" = "iPhone Developer";
				COPY_PHASE_STRIP = NO;
				DEBUG_INFORMATION_FORMAT = dwarf;
				ENABLE_STRICT_OBJC_MSGSEND = YES;
				ENABLE_TESTABILITY = YES;
				GCC_C_LANGUAGE_STANDARD = gnu99;
				GCC_DYNAMIC_NO_PIC = NO;
				GCC_NO_COMMON_BLOCKS = YES;
				GCC_OPTIMIZATION_LEVEL = 0;
				GCC_PREPROCESSOR_DEFINITIONS = (
					"DEBUG=1",
					"$(inherited)",
				);
				GCC_WARN_64_TO_32_BIT_CONVERSION = YES;
				GCC_WARN_ABOUT_RETURN_TYPE = YES_ERROR;
				GCC_WARN_UNDECLARED_SELECTOR = YES;
				GCC_WARN_UNINITIALIZED_AUTOS = YES_AGGRESSIVE;
				GCC_WARN_UNUSED_FUNCTION = YES;
				GCC_WARN_UNUSED_VARIABLE = YES;
				IPHONEOS_DEPLOYMENT_TARGET = 9.1;
				MTL_ENABLE_DEBUG_INFO = YES;
				ONLY_ACTIVE_ARCH = YES;
				SDKROOT = iphoneos;
			};
			name = Debug;
		};
		F5455DC61C2256EB00C8E9D5 /* Release */ = {
			isa = XCBuildConfiguration;
			buildSettings = {
				ALWAYS_SEARCH_USER_PATHS = NO;
				CLANG_CXX_LANGUAGE_STANDARD = "gnu++0x";
				CLANG_CXX_LIBRARY = "libc++";
				CLANG_ENABLE_MODULES = YES;
				CLANG_ENABLE_OBJC_ARC = YES;
				CLANG_WARN_BOOL_CONVERSION = YES;
				CLANG_WARN_CONSTANT_CONVERSION = YES;
				CLANG_WARN_DIRECT_OBJC_ISA_USAGE = YES_ERROR;
				CLANG_WARN_EMPTY_BODY = YES;
				CLANG_WARN_ENUM_CONVERSION = YES;
				CLANG_WARN_INT_CONVERSION = YES;
				CLANG_WARN_OBJC_ROOT_CLASS = YES_ERROR;
				CLANG_WARN_UNREACHABLE_CODE = YES;
				CLANG_WARN__DUPLICATE_METHOD_MATCH = YES;
				"CODE_SIGN_IDENTITY[sdk=iphoneos*]" = "iPhone Developer";
				COPY_PHASE_STRIP = NO;
				DEBUG_INFORMATION_FORMAT = "dwarf-with-dsym";
				ENABLE_NS_ASSERTIONS = NO;
				ENABLE_STRICT_OBJC_MSGSEND = YES;
				GCC_C_LANGUAGE_STANDARD = gnu99;
				GCC_NO_COMMON_BLOCKS = YES;
				GCC_WARN_64_TO_32_BIT_CONVERSION = YES;
				GCC_WARN_ABOUT_RETURN_TYPE = YES_ERROR;
				GCC_WARN_UNDECLARED_SELECTOR = YES;
				GCC_WARN_UNINITIALIZED_AUTOS = YES_AGGRESSIVE;
				GCC_WARN_UNUSED_FUNCTION = YES;
				GCC_WARN_UNUSED_VARIABLE = YES;
				IPHONEOS_DEPLOYMENT_TARGET = 9.1;
				MTL_ENABLE_DEBUG_INFO = NO;
				SDKROOT = iphoneos;
				VALIDATE_PRODUCT = YES;
			};
			name = Release;
		};
		F5455DC81C2256EB00C8E9D5 /* Debug */ = {
			isa = XCBuildConfiguration;
			buildSettings = {
				ASSETCATALOG_COMPILER_APPICON_NAME = AppIcon;
				INFOPLIST_FILE = TabView/Info.plist;
				LD_RUNPATH_SEARCH_PATHS = "$(inherited) @executable_path/Frameworks";
				PRODUCT_BUNDLE_IDENTIFIER = TrungBao.TabView;
				PRODUCT_NAME = "$(TARGET_NAME)";
			};
			name = Debug;
		};
		F5455DC91C2256EB00C8E9D5 /* Release */ = {
			isa = XCBuildConfiguration;
			buildSettings = {
				ASSETCATALOG_COMPILER_APPICON_NAME = AppIcon;
				INFOPLIST_FILE = TabView/Info.plist;
				LD_RUNPATH_SEARCH_PATHS = "$(inherited) @executable_path/Frameworks";
				PRODUCT_BUNDLE_IDENTIFIER = TrungBao.TabView;
				PRODUCT_NAME = "$(TARGET_NAME)";
			};
			name = Release;
		};
/* End XCBuildConfiguration section */

/* Begin XCConfigurationList section */
		F5455DAB1C2256EA00C8E9D5 /* Build configuration list for PBXProject "TabView" */ = {
			isa = XCConfigurationList;
			buildConfigurations = (
				F5455DC51C2256EB00C8E9D5 /* Debug */,
				F5455DC61C2256EB00C8E9D5 /* Release */,
			);
			defaultConfigurationIsVisible = 0;
			defaultConfigurationName = Release;
		};
		F5455DC71C2256EB00C8E9D5 /* Build configuration list for PBXNativeTarget "TabView" */ = {
			isa = XCConfigurationList;
			buildConfigurations = (
				F5455DC81C2256EB00C8E9D5 /* Debug */,
				F5455DC91C2256EB00C8E9D5 /* Release */,
			);
			defaultConfigurationIsVisible = 0;
		};
/* End XCConfigurationList section */
	};
	rootObject = F5455DA81C2256EA00C8E9D5 /* Project object */;
}
